
Microsoft Visual Studio Solution File, Format Version 12.00
# Visual Studio Version 17
VisualStudioVersion = 17.11.35312.102
MinimumVisualStudioVersion = 10.0.40219.1
Project("{2150E333-8FDC-42A3-9474-1A3956D46DE8}") = "src", "src", "{740FB36C-D3F4-45C7-9324-8FC02C2F1E8C}"
EndProject
Project("{2150E333-8FDC-42A3-9474-1A3956D46DE8}") = "core", "core", "{51DBCFAB-C00F-4579-A0EF-057922692033}"
EndProject
Project("{9A19103F-16F7-4668-BE54-9A1E7A4F7556}") = "ERP.Application", "src\core\ERP.Application\ERP.Application.csproj", "{0EB29D73-2883-4251-B5DF-18860AE982EA}"
EndProject
Project("{9A19103F-16F7-4668-BE54-9A1E7A4F7556}") = "ERP.Domain", "src\core\ERP.Domain\ERP.Domain.csproj", "{EA63E212-9E1E-4AC7-915C-BDB2FB2D5296}"
EndProject
Project("{9A19103F-16F7-4668-BE54-9A1E7A4F7556}") = "ERP.Infrastructure", "src\ERP.Infrastructure\ERP.Infrastructure.csproj", "{A3A2AE8C-649D-48E3-9980-5F7CC4C60365}"
EndProject
Project("{2150E333-8FDC-42A3-9474-1A3956D46DE8}") = "UnitTests", "UnitTests", "{B72ED500-E094-4016-8193-983669CE26BF}"
EndProject
Project("{9A19103F-16F7-4668-BE54-9A1E7A4F7556}") = "ERP.UnitTest", "UnitTests\ERP.UnitTest\ERP.UnitTest.csproj", "{3E72FCB6-81DC-4F86-AFE9-444E762D2ACB}"
EndProject
Project("{2150E333-8FDC-42A3-9474-1A3956D46DE8}") = "ui", "ui", "{E8926F72-C9ED-4DFF-88B0-FB16AE326C20}"
EndProject
Project("{FAE04EC0-301F-11D3-BF4B-00C04F79EFBC}") = "ERP.UI", "ui\ERP.UI\ERP.UI.csproj", "{8E8308FD-08D3-4A49-B942-4AA1FCBA2221}"
EndProject
Global
	GlobalSection(SolutionConfigurationPlatforms) = preSolution
		Debug|Any CPU = Debug|Any CPU
		Release|Any CPU = Release|Any CPU
	EndGlobalSection
	GlobalSection(ProjectConfigurationPlatforms) = postSolution
		{0EB29D73-2883-4251-B5DF-18860AE982EA}.Debug|Any CPU.ActiveCfg = Debug|Any CPU
		{0EB29D73-2883-4251-B5DF-18860AE982EA}.Debug|Any CPU.Build.0 = Debug|Any CPU
		{0EB29D73-2883-4251-B5DF-18860AE982EA}.Release|Any CPU.ActiveCfg = Release|Any CPU
		{0EB29D73-2883-4251-B5DF-18860AE982EA}.Release|Any CPU.Build.0 = Release|Any CPU
		{EA63E212-9E1E-4AC7-915C-BDB2FB2D5296}.Debug|Any CPU.ActiveCfg = Debug|Any CPU
		{EA63E212-9E1E-4AC7-915C-BDB2FB2D5296}.Debug|Any CPU.Build.0 = Debug|Any CPU
		{EA63E212-9E1E-4AC7-915C-BDB2FB2D5296}.Release|Any CPU.ActiveCfg = Release|Any CPU
		{EA63E212-9E1E-4AC7-915C-BDB2FB2D5296}.Release|Any CPU.Build.0 = Release|Any CPU
		{A3A2AE8C-649D-48E3-9980-5F7CC4C60365}.Debug|Any CPU.ActiveCfg = Debug|Any CPU
		{A3A2AE8C-649D-48E3-9980-5F7CC4C60365}.Debug|Any CPU.Build.0 = Debug|Any CPU
		{A3A2AE8C-649D-48E3-9980-5F7CC4C60365}.Release|Any CPU.ActiveCfg = Release|Any CPU
		{A3A2AE8C-649D-48E3-9980-5F7CC4C60365}.Release|Any CPU.Build.0 = Release|Any CPU
		{3E72FCB6-81DC-4F86-AFE9-444E762D2ACB}.Debug|Any CPU.ActiveCfg = Debug|Any CPU
		{3E72FCB6-81DC-4F86-AFE9-444E762D2ACB}.Debug|Any CPU.Build.0 = Debug|Any CPU
		{3E72FCB6-81DC-4F86-AFE9-444E762D2ACB}.Release|Any CPU.ActiveCfg = Release|Any CPU
		{3E72FCB6-81DC-4F86-AFE9-444E762D2ACB}.Release|Any CPU.Build.0 = Release|Any CPU
		{8E8308FD-08D3-4A49-B942-4AA1FCBA2221}.Debug|Any CPU.ActiveCfg = Debug|Any CPU
		{8E8308FD-08D3-4A49-B942-4AA1FCBA2221}.Debug|Any CPU.Build.0 = Debug|Any CPU
		{8E8308FD-08D3-4A49-B942-4AA1FCBA2221}.Release|Any CPU.ActiveCfg = Release|Any CPU
		{8E8308FD-08D3-4A49-B942-4AA1FCBA2221}.Release|Any CPU.Build.0 = Release|Any CPU
	EndGlobalSection
	GlobalSection(SolutionProperties) = preSolution
		HideSolutionNode = FALSE
	EndGlobalSection
	GlobalSection(NestedProjects) = preSolution
		{51DBCFAB-C00F-4579-A0EF-057922692033} = {740FB36C-D3F4-45C7-9324-8FC02C2F1E8C}
		{0EB29D73-2883-4251-B5DF-18860AE982EA} = {51DBCFAB-C00F-4579-A0EF-057922692033}
		{EA63E212-9E1E-4AC7-915C-BDB2FB2D5296} = {51DBCFAB-C00F-4579-A0EF-057922692033}
		{A3A2AE8C-649D-48E3-9980-5F7CC4C60365} = {740FB36C-D3F4-45C7-9324-8FC02C2F1E8C}
		{3E72FCB6-81DC-4F86-AFE9-444E762D2ACB} = {B72ED500-E094-4016-8193-983669CE26BF}
		{E8926F72-C9ED-4DFF-88B0-FB16AE326C20} = {740FB36C-D3F4-45C7-9324-8FC02C2F1E8C}
		{8E8308FD-08D3-4A49-B942-4AA1FCBA2221} = {E8926F72-C9ED-4DFF-88B0-FB16AE326C20}
	EndGlobalSection
	GlobalSection(ExtensibilityGlobals) = postSolution
		SolutionGuid = {799467B0-BB0B-4BA6-98DD-BF3B2834F255}
	EndGlobalSection
EndGlobal
